# This file was autogenerated by Stack.
# You should not edit this file by hand.
# For more information, please see the documentation at:
#   https://docs.haskellstack.org/en/stable/topics/lock_files

packages:
- completed:
    hackage: servant-js-0.9.4.2@sha256:c090c1c0d08f9a58c2c0e2b333ad385fe158767b95f4d011fc88e31129415f10,3571
    pantry-tree:
      sha256: a1f912348985a3e88c5c7730c7f837615a3bedb95fbb37d9e67092adbee700bc
      size: 961
  original:
    hackage: servant-js-0.9.4.2@sha256:c090c1c0d08f9a58c2c0e2b333ad385fe158767b95f4d011fc88e31129415f10,3571
- completed:
    commit: 083610bf6c0e8e6d1d293079826fa9c351532344
    git: https://github.com/learnew2/keycloak-api.git
    name: keycloak-api
    pantry-tree:
      sha256: 297f85ce9cff00846f21c5ef1fe67ee2275e0b0e3f2d8212c625cc17ccbb7192
      size: 1069
    version: 0.1.2.3
  original:
    commit: 083610bf6c0e8e6d1d293079826fa9c351532344
    git: https://github.com/learnew2/keycloak-api.git
snapshots:
- completed:
    sha256: 350737ef1c4c748f4c7ff56b6e74f2f6d15039a2f148662a8ec1aded016b80d0
    size: 640033
    url: https://raw.githubusercontent.com/commercialhaskell/stackage-snapshots/master/lts/21/15.yaml
  original:
    url: https://raw.githubusercontent.com/commercialhaskell/stackage-snapshots/master/lts/21/15.yaml
