# This file was autogenerated by Stack.
# You should not edit this file by hand.
# For more information, please see the documentation at:
#   https://docs.haskellstack.org/en/stable/topics/lock_files

packages:
- completed:
    commit: e67ffe5e867125a884075fbbc7c9d31fa236a1be
    git: https://github.com/learnew2/proxmox-api
    name: proxmox-api
    pantry-tree:
      sha256: 6f86fe7da6279bb01394e78cbe143ac7ec3c795f348568acbe498cca554a6b4e
      size: 1599
    version: 0.1.0.5
  original:
    commit: e67ffe5e867125a884075fbbc7c9d31fa236a1be
    git: https://github.com/learnew2/proxmox-api
- completed:
    commit: 6f62d1b7f847c0d9d36516d3bb18dd4991693cd9
    git: https://github.com/learnew2/proxmox-fs-agent
    name: proxmox-fs-agent-api
    pantry-tree:
      sha256: 68e10ec1ad400d7912c4ecaad5e12205abc3489c137ea1b2f0380ea7e8594fc7
      size: 552
    subdir: proxmox-fs-agent-api
    version: 0.1.1.0
  original:
    commit: 6f62d1b7f847c0d9d36516d3bb18dd4991693cd9
    git: https://github.com/learnew2/proxmox-fs-agent
    subdir: proxmox-fs-agent-api
snapshots:
- completed:
    sha256: 350737ef1c4c748f4c7ff56b6e74f2f6d15039a2f148662a8ec1aded016b80d0
    size: 640033
    url: https://raw.githubusercontent.com/commercialhaskell/stackage-snapshots/master/lts/21/15.yaml
  original:
    url: https://raw.githubusercontent.com/commercialhaskell/stackage-snapshots/master/lts/21/15.yaml
