# This file was autogenerated by Stack.
# You should not edit this file by hand.
# For more information, please see the documentation at:
#   https://docs.haskellstack.org/en/stable/topics/lock_files

packages:
- completed:
    hackage: async-pool-0.9.2@sha256:532b356a3a2d3e6ec848ca266b566f8cf60c52a107f4b2c7e690cdd2b1ae67b2,1605
    pantry-tree:
      sha256: 292aaab710c67c190ef87703f7a300a3cad71ee71d2cdf2a9e89d242e866d174
      size: 443
  original:
    hackage: async-pool-0.9.2@sha256:532b356a3a2d3e6ec848ca266b566f8cf60c52a107f4b2c7e690cdd2b1ae67b2,1605
snapshots:
- completed:
    sha256: 350737ef1c4c748f4c7ff56b6e74f2f6d15039a2f148662a8ec1aded016b80d0
    size: 640033
    url: https://raw.githubusercontent.com/commercialhaskell/stackage-snapshots/master/lts/21/15.yaml
  original:
    url: https://raw.githubusercontent.com/commercialhaskell/stackage-snapshots/master/lts/21/15.yaml
